
Microsoft Visual Studio Solution File, Format Version 12.00
# Visual Studio 15
VisualStudioVersion = 15.0.28010.2050
MinimumVisualStudioVersion = 10.0.40219.1
Project("{FAE04EC0-301F-11D3-BF4B-00C04F79EFBC}") = "ConsumeWebApi", "ConsumeWebApi\ConsumeWebApi.csproj", "{918E0930-54A4-4AEA-9A45-B6305EA17EFE}"
EndProject
Project("{FAE04EC0-301F-11D3-BF4B-00C04F79EFBC}") = "ModelClasses", "ModelClasses\ModelClasses.csproj", "{EBD63C49-F94D-482C-8B3E-AF7270DE5E79}"
EndProject
Global
	GlobalSection(SolutionConfigurationPlatforms) = preSolution
		Debug|Any CPU = Debug|Any CPU
		Release|Any CPU = Release|Any CPU
	EndGlobalSection
	GlobalSection(ProjectConfigurationPlatforms) = postSolution
		{918E0930-54A4-4AEA-9A45-B6305EA17EFE}.Debug|Any CPU.ActiveCfg = Debug|Any CPU
		{918E0930-54A4-4AEA-9A45-B6305EA17EFE}.Debug|Any CPU.Build.0 = Debug|Any CPU
		{918E0930-54A4-4AEA-9A45-B6305EA17EFE}.Release|Any CPU.ActiveCfg = Release|Any CPU
		{918E0930-54A4-4AEA-9A45-B6305EA17EFE}.Release|Any CPU.Build.0 = Release|Any CPU
		{EBD63C49-F94D-482C-8B3E-AF7270DE5E79}.Debug|Any CPU.ActiveCfg = Debug|Any CPU
		{EBD63C49-F94D-482C-8B3E-AF7270DE5E79}.Debug|Any CPU.Build.0 = Debug|Any CPU
		{EBD63C49-F94D-482C-8B3E-AF7270DE5E79}.Release|Any CPU.ActiveCfg = Release|Any CPU
		{EBD63C49-F94D-482C-8B3E-AF7270DE5E79}.Release|Any CPU.Build.0 = Release|Any CPU
	EndGlobalSection
	GlobalSection(SolutionProperties) = preSolution
		HideSolutionNode = FALSE
	EndGlobalSection
	GlobalSection(ExtensibilityGlobals) = postSolution
		SolutionGuid = {6E2C5E06-2255-4E85-AAE0-58333F991C3D}
	EndGlobalSection
EndGlobal
